
Microsoft Visual Studio Solution File, Format Version 12.00
# Visual Studio Version 16
VisualStudioVersion = 16.0.28516.95
MinimumVisualStudioVersion = 10.0.40219.1
Project("{9A19103F-16F7-4668-BE54-9A1E7A4F7556}") = "Remember.Wpf", "Remember.Wpf\Remember.Wpf.csproj", "{51E95720-A545-4E43-A3C8-E81A9CDD1D66}"
EndProject
Project("{9A19103F-16F7-4668-BE54-9A1E7A4F7556}") = "Remember.Core", "Remember.Core\Remember.Core.csproj", "{8F7A79B6-A135-4213-B890-74F6B0EF6DD6}"
EndProject
Project("{FAE04EC0-301F-11D3-BF4B-00C04F79EFBC}") = "Remember.Comsole", "Remember.Comsole\Remember.Comsole.csproj", "{963D700B-1235-4096-B231-CEF0DCB409AA}"
EndProject
Global
	GlobalSection(SolutionConfigurationPlatforms) = preSolution
		Debug|Any CPU = Debug|Any CPU
		Release|Any CPU = Release|Any CPU
	EndGlobalSection
	GlobalSection(ProjectConfigurationPlatforms) = postSolution
		{51E95720-A545-4E43-A3C8-E81A9CDD1D66}.Debug|Any CPU.ActiveCfg = Debug|Any CPU
		{51E95720-A545-4E43-A3C8-E81A9CDD1D66}.Debug|Any CPU.Build.0 = Debug|Any CPU
		{51E95720-A545-4E43-A3C8-E81A9CDD1D66}.Release|Any CPU.ActiveCfg = Release|Any CPU
		{51E95720-A545-4E43-A3C8-E81A9CDD1D66}.Release|Any CPU.Build.0 = Release|Any CPU
		{8F7A79B6-A135-4213-B890-74F6B0EF6DD6}.Debug|Any CPU.ActiveCfg = Debug|Any CPU
		{8F7A79B6-A135-4213-B890-74F6B0EF6DD6}.Debug|Any CPU.Build.0 = Debug|Any CPU
		{8F7A79B6-A135-4213-B890-74F6B0EF6DD6}.Release|Any CPU.ActiveCfg = Release|Any CPU
		{8F7A79B6-A135-4213-B890-74F6B0EF6DD6}.Release|Any CPU.Build.0 = Release|Any CPU
		{963D700B-1235-4096-B231-CEF0DCB409AA}.Debug|Any CPU.ActiveCfg = Debug|Any CPU
		{963D700B-1235-4096-B231-CEF0DCB409AA}.Debug|Any CPU.Build.0 = Debug|Any CPU
		{963D700B-1235-4096-B231-CEF0DCB409AA}.Release|Any CPU.ActiveCfg = Release|Any CPU
		{963D700B-1235-4096-B231-CEF0DCB409AA}.Release|Any CPU.Build.0 = Release|Any CPU
	EndGlobalSection
	GlobalSection(SolutionProperties) = preSolution
		HideSolutionNode = FALSE
	EndGlobalSection
	GlobalSection(ExtensibilityGlobals) = postSolution
		SolutionGuid = {FABB3070-5ECA-46C6-9115-E21E1C641E5D}
	EndGlobalSection
EndGlobal
