
Microsoft Visual Studio Solution File, Format Version 12.00
# Visual Studio Version 16
VisualStudioVersion = 16.0.28822.285
MinimumVisualStudioVersion = 10.0.40219.1
Project("{9A19103F-16F7-4668-BE54-9A1E7A4F7556}") = "Remember.Wpf", "Remember.Wpf\Remember.Wpf.csproj", "{B6B5AAA6-371C-4D30-9126-FDAAB39FB1CE}"
EndProject
Project("{9A19103F-16F7-4668-BE54-9A1E7A4F7556}") = "Remember.Console", "Remember.Comsole\Remember.Console.csproj", "{77B19FCD-AF63-4549-B4F4-1422068981CF}"
EndProject
Project("{9A19103F-16F7-4668-BE54-9A1E7A4F7556}") = "Remember.Core", "Remember.Core\Remember.Core.csproj", "{F1659568-8B9A-4FA1-A41E-79E471A6C7A1}"
EndProject
Global
	GlobalSection(SolutionConfigurationPlatforms) = preSolution
		Debug|Any CPU = Debug|Any CPU
		Release|Any CPU = Release|Any CPU
	EndGlobalSection
	GlobalSection(ProjectConfigurationPlatforms) = postSolution
		{B6B5AAA6-371C-4D30-9126-FDAAB39FB1CE}.Debug|Any CPU.ActiveCfg = Debug|Any CPU
		{B6B5AAA6-371C-4D30-9126-FDAAB39FB1CE}.Debug|Any CPU.Build.0 = Debug|Any CPU
		{B6B5AAA6-371C-4D30-9126-FDAAB39FB1CE}.Release|Any CPU.ActiveCfg = Release|Any CPU
		{B6B5AAA6-371C-4D30-9126-FDAAB39FB1CE}.Release|Any CPU.Build.0 = Release|Any CPU
		{77B19FCD-AF63-4549-B4F4-1422068981CF}.Debug|Any CPU.ActiveCfg = Debug|Any CPU
		{77B19FCD-AF63-4549-B4F4-1422068981CF}.Debug|Any CPU.Build.0 = Debug|Any CPU
		{77B19FCD-AF63-4549-B4F4-1422068981CF}.Release|Any CPU.ActiveCfg = Release|Any CPU
		{77B19FCD-AF63-4549-B4F4-1422068981CF}.Release|Any CPU.Build.0 = Release|Any CPU
		{F1659568-8B9A-4FA1-A41E-79E471A6C7A1}.Debug|Any CPU.ActiveCfg = Debug|Any CPU
		{F1659568-8B9A-4FA1-A41E-79E471A6C7A1}.Debug|Any CPU.Build.0 = Debug|Any CPU
		{F1659568-8B9A-4FA1-A41E-79E471A6C7A1}.Release|Any CPU.ActiveCfg = Release|Any CPU
		{F1659568-8B9A-4FA1-A41E-79E471A6C7A1}.Release|Any CPU.Build.0 = Release|Any CPU
	EndGlobalSection
	GlobalSection(SolutionProperties) = preSolution
		HideSolutionNode = FALSE
	EndGlobalSection
	GlobalSection(ExtensibilityGlobals) = postSolution
		SolutionGuid = {F90FF190-D883-4EF0-8460-4BD914420B48}
	EndGlobalSection
EndGlobal
