
Microsoft Visual Studio Solution File, Format Version 12.00
# Visual Studio Version 16
VisualStudioVersion = 16.0.28407.52
MinimumVisualStudioVersion = 10.0.40219.1
Project("{FAE04EC0-301F-11D3-BF4B-00C04F79EFBC}") = "Remember.Core", "Remember\Remember.Core.csproj", "{F3B64027-5D5E-44C9-A8C6-948CE88DFD56}"
EndProject
Project("{9A19103F-16F7-4668-BE54-9A1E7A4F7556}") = "Remember.Wpf", "Remember.Wpf\Remember.Wpf.csproj", "{BCB214D2-32C0-43A9-BB2A-E94E76422893}"
EndProject
Global
	GlobalSection(SolutionConfigurationPlatforms) = preSolution
		Debug|Any CPU = Debug|Any CPU
		Release|Any CPU = Release|Any CPU
	EndGlobalSection
	GlobalSection(ProjectConfigurationPlatforms) = postSolution
		{F3B64027-5D5E-44C9-A8C6-948CE88DFD56}.Debug|Any CPU.ActiveCfg = Debug|Any CPU
		{F3B64027-5D5E-44C9-A8C6-948CE88DFD56}.Debug|Any CPU.Build.0 = Debug|Any CPU
		{F3B64027-5D5E-44C9-A8C6-948CE88DFD56}.Release|Any CPU.ActiveCfg = Release|Any CPU
		{F3B64027-5D5E-44C9-A8C6-948CE88DFD56}.Release|Any CPU.Build.0 = Release|Any CPU
		{BCB214D2-32C0-43A9-BB2A-E94E76422893}.Debug|Any CPU.ActiveCfg = Debug|Any CPU
		{BCB214D2-32C0-43A9-BB2A-E94E76422893}.Debug|Any CPU.Build.0 = Debug|Any CPU
		{BCB214D2-32C0-43A9-BB2A-E94E76422893}.Release|Any CPU.ActiveCfg = Release|Any CPU
		{BCB214D2-32C0-43A9-BB2A-E94E76422893}.Release|Any CPU.Build.0 = Release|Any CPU
	EndGlobalSection
	GlobalSection(SolutionProperties) = preSolution
		HideSolutionNode = FALSE
	EndGlobalSection
	GlobalSection(ExtensibilityGlobals) = postSolution
		SolutionGuid = {E854A312-EFD0-4400-9AAC-7DD603AE8D97}
	EndGlobalSection
EndGlobal
